
Microsoft Visual Studio Solution File, Format Version 12.00
# Visual Studio Version 16
VisualStudioVersion = 16.0.29424.173
MinimumVisualStudioVersion = 10.0.40219.1
Project("{FAE04EC0-301F-11D3-BF4B-00C04F79EFBC}") = "LocalGitFirstProject", "LocalGitFirstProject.csproj", "{0C67BEC0-088A-4417-94AE-54717FF1A414}"
EndProject
Global
	GlobalSection(SolutionConfigurationPlatforms) = preSolution
		Debug|Any CPU = Debug|Any CPU
		Release|Any CPU = Release|Any CPU
	EndGlobalSection
	GlobalSection(ProjectConfigurationPlatforms) = postSolution
		{0C67BEC0-088A-4417-94AE-54717FF1A414}.Debug|Any CPU.ActiveCfg = Debug|Any CPU
		{0C67BEC0-088A-4417-94AE-54717FF1A414}.Debug|Any CPU.Build.0 = Debug|Any CPU
		{0C67BEC0-088A-4417-94AE-54717FF1A414}.Release|Any CPU.ActiveCfg = Release|Any CPU
		{0C67BEC0-088A-4417-94AE-54717FF1A414}.Release|Any CPU.Build.0 = Release|Any CPU
	EndGlobalSection
	GlobalSection(SolutionProperties) = preSolution
		HideSolutionNode = FALSE
	EndGlobalSection
	GlobalSection(ExtensibilityGlobals) = postSolution
		SolutionGuid = {DDBD0261-3C5C-4B51-A39F-23533E677AC1}
	EndGlobalSection
EndGlobal
